
Microsoft Visual Studio Solution File, Format Version 12.00
Project("{FAE04EC0-301F-11D3-BF4B-00C04F79EFBC}") = "MMO.Test", "MMO.Test.csproj", "{322C2A52-FF89-4006-A0C2-478BDC27ACF2}"
EndProject
Project("{FAE04EC0-301F-11D3-BF4B-00C04F79EFBC}") = "Client", "..\Client.csproj", "{A72C77DD-3EA4-4B91-ACBB-BA0AE44FB37D}"
EndProject
Global
	GlobalSection(SolutionConfigurationPlatforms) = preSolution
		Debug|Any CPU = Debug|Any CPU
		Release|Any CPU = Release|Any CPU
	EndGlobalSection
	GlobalSection(ProjectConfigurationPlatforms) = postSolution
		{322C2A52-FF89-4006-A0C2-478BDC27ACF2}.Debug|Any CPU.ActiveCfg = Debug|Any CPU
		{322C2A52-FF89-4006-A0C2-478BDC27ACF2}.Debug|Any CPU.Build.0 = Debug|Any CPU
		{322C2A52-FF89-4006-A0C2-478BDC27ACF2}.Release|Any CPU.ActiveCfg = Release|Any CPU
		{322C2A52-FF89-4006-A0C2-478BDC27ACF2}.Release|Any CPU.Build.0 = Release|Any CPU
		{A72C77DD-3EA4-4B91-ACBB-BA0AE44FB37D}.Debug|Any CPU.ActiveCfg = Debug|Any CPU
		{A72C77DD-3EA4-4B91-ACBB-BA0AE44FB37D}.Debug|Any CPU.Build.0 = Debug|Any CPU
		{A72C77DD-3EA4-4B91-ACBB-BA0AE44FB37D}.Release|Any CPU.ActiveCfg = Release|Any CPU
		{A72C77DD-3EA4-4B91-ACBB-BA0AE44FB37D}.Release|Any CPU.Build.0 = Release|Any CPU
	EndGlobalSection
EndGlobal
